{
  "name": "superone-dashboard",
  "version": "0.1.0",
  "lockfileVersion": 2,
  "requires": true,
  "packages": {
    "": {
      "name": "superone-dashboard",
      "version": "0.1.0",
      "dependencies": {
        "ajv": "6.12.6",
        "ajv-keywords": "3.5.2",
        "schema-utils": "3.1.2",
        "json-schema-traverse": "0.4.1"
      }
    },
    "node_modules/ajv": {
      "version": "6.12.6",
      "resolved": "https://registry.npmjs.org/ajv/-/ajv-6.12.6.tgz",
      "integrity": "sha512-j3fVLgvTo527anyYyJOGTYJbG+vnnQYvE0m5mmkc1TK+nxAppkCLMIL0aZ4dblVCNoGShhm+kzE4ZUykBoMg4g==",
      "dependencies": {
        "fast-deep-equal": "^3.1.1",
        "fast-json-stable-stringify": "^2.0.0",
        "json-schema-traverse": "^0.4.1",
        "uri-js": "^4.2.2"
      },
      "funding": {
        "type": "github",
        "url": "https://github.com/sponsors/epoberezkin"
      }
    },
    "node_modules/ajv-keywords": {
      "version": "3.5.2",
      "resolved": "https://registry.npmjs.org/ajv-keywords/-/ajv-keywords-3.5.2.tgz",
      "integrity": "sha512-5p6WTN0DdTGVQk6VjcEju19IgaHudalcfabD7yhDGeA6bcQnmL+CpveLJq/3hvfwd1aof6L386Ougkx6RfyMIQ==",
      "peerDependencies": {
        "ajv": "^6.9.1"
      }
    },
    "node_modules/json-schema-traverse": {
      "version": "0.4.1",
      "resolved": "https://registry.npmjs.org/json-schema-traverse/-/json-schema-traverse-0.4.1.tgz",
      "integrity": "sha512-xbbCH5dCYU5T8LcEhhuh7HJ88HXuW3qJ85u+smXvztUEyhVj4XnJnvuySvjJ/DIrXF1a/aZUHUwIgDhfU4Fgdg=="
    },
    "node_modules/schema-utils": {
      "version": "3.1.2",
      "resolved": "https://registry.npmjs.org/schema-utils/-/schema-utils-3.1.2.tgz",
      "integrity": "sha512-mpFYExAHDuaR8Nh56mWWs9/Irj5IpN+3ZwgPWQnlXMXi9JB7v0vC9cXXQ8GpLbxbzQQQAYXLzYV6yRxIlgIBHA==",
      "dependencies": {
        "@types/json-schema": "^7.0.8",
        "ajv": "^6.12.5",
        "ajv-keywords": "^3.5.2"
      },
      "engines": {
        "node": ">= 10.13.0"
      },
      "funding": {
        "type": "opencollective",
        "url": "https://opencollective.com/webpack"
      }
    }
  }
}
